// !$*UTF8*$!
{
	archiveVersion = 1;
	classes = {
	};
	objectVersion = 50;
	objects = {

/* Begin PBXBuildFile section */
		9F40A64423FF515B0083E286 /* AppDelegate.swift in Sources */ = {isa = PBXBuildFile; fileRef = 9F40A64323FF515B0083E286 /* AppDelegate.swift */; };
		9F40A64623FF515B0083E286 /* SceneDelegate.swift in Sources */ = {isa = PBXBuildFile; fileRef = 9F40A64523FF515B0083E286 /* SceneDelegate.swift */; };
		9F40A64823FF515B0083E286 /* ViewController.swift in Sources */ = {isa = PBXBuildFile; fileRef = 9F40A64723FF515B0083E286 /* ViewController.swift */; };
		9F40A64B23FF515B0083E286 /* Main.storyboard in Resources */ = {isa = PBXBuildFile; fileRef = 9F40A64923FF515B0083E286 /* Main.storyboard */; };
		9F40A64D23FF515D0083E286 /* Assets.xcassets in Resources */ = {isa = PBXBuildFile; fileRef = 9F40A64C23FF515D0083E286 /* Assets.xcassets */; };
		9F40A65023FF515D0083E286 /* LaunchScreen.storyboard in Resources */ = {isa = PBXBuildFile; fileRef = 9F40A64E23FF515D0083E286 /* LaunchScreen.storyboard */; };
		9F40A65B23FF515D0083E286 /* pruebaTests.swift in Sources */ = {isa = PBXBuildFile; fileRef = 9F40A65A23FF515D0083E286 /* pruebaTests.swift */; };
		9F40A66623FF515D0083E286 /* pruebaUITests.swift in Sources */ = {isa = PBXBuildFile; fileRef = 9F40A66523FF515D0083E286 /* pruebaUITests.swift */; };
/* End PBXBuildFile section */

/* Begin PBXContainerItemProxy section */
		9F40A65723FF515D0083E286 /* PBXContainerItemProxy */ = {
			isa = PBXContainerItemProxy;
			containerPortal = 9F40A63823FF515B0083E286 /* Project object */;
			proxyType = 1;
			remoteGlobalIDString = 9F40A63F23FF515B0083E286;
			remoteInfo = prueba;
		};
		9F40A66223FF515D0083E286 /* PBXContainerItemProxy */ = {
			isa = PBXContainerItemProxy;
			containerPortal = 9F40A63823FF515B0083E286 /* Project object */;
			proxyType = 1;
			remoteGlobalIDString = 9F40A63F23FF515B0083E286;
			remoteInfo = prueba;
		};
/* End PBXContainerItemProxy section */

/* Begin PBXFileReference section */
		9F40A64023FF515B0083E286 /* prueba.app */ = {isa = PBXFileReference; explicitFileType = wrapper.application; includeInIndex = 0; path = prueba.app; sourceTree = BUILT_PRODUCTS_DIR; };
		9F40A64323FF515B0083E286 /* AppDelegate.swift */ = {isa = PBXFileReference; lastKnownFileType = sourcecode.swift; path = AppDelegate.swift; sourceTree = "<group>"; };
		9F40A64523FF515B0083E286 /* SceneDelegate.swift */ = {isa = PBXFileReference; lastKnownFileType = sourcecode.swift; path = SceneDelegate.swift; sourceTree = "<group>"; };
		9F40A64723FF515B0083E286 /* ViewController.swift */ = {isa = PBXFileReference; lastKnownFileType = sourcecode.swift; path = ViewController.swift; sourceTree = "<group>"; };
		9F40A64A23FF515B0083E286 /* Base */ = {isa = PBXFileReference; lastKnownFileType = file.storyboard; name = Base; path = Base.lproj/Main.storyboard; sourceTree = "<group>"; };
		9F40A64C23FF515D0083E286 /* Assets.xcassets */ = {isa = PBXFileReference; lastKnownFileType = folder.assetcatalog; path = Assets.xcassets; sourceTree = "<group>"; };
		9F40A64F23FF515D0083E286 /* Base */ = {isa = PBXFileReference; lastKnownFileType = file.storyboard; name = Base; path = Base.lproj/LaunchScreen.storyboard; sourceTree = "<group>"; };
		9F40A65123FF515D0083E286 /* Info.plist */ = {isa = PBXFileReference; lastKnownFileType = text.plist.xml; path = Info.plist; sourceTree = "<group>"; };
		9F40A65623FF515D0083E286 /* pruebaTests.xctest */ = {isa = PBXFileReference; explicitFileType = wrapper.cfbundle; includeInIndex = 0; path = pruebaTests.xctest; sourceTree = BUILT_PRODUCTS_DIR; };
		9F40A65A23FF515D0083E286 /* pruebaTests.swift */ = {isa = PBXFileReference; lastKnownFileType = sourcecode.swift; path = pruebaTests.swift; sourceTree = "<group>"; };
		9F40A65C23FF515D0083E286 /* Info.plist */ = {isa = PBXFileReference; lastKnownFileType = text.plist.xml; path = Info.plist; sourceTree = "<group>"; };
		9F40A66123FF515D0083E286 /* pruebaUITests.xctest */ = {isa = PBXFileReference; explicitFileType = wrapper.cfbundle; includeInIndex = 0; path = pruebaUITests.xctest; sourceTree = BUILT_PRODUCTS_DIR; };
		9F40A66523FF515D0083E286 /* pruebaUITests.swift */ = {isa = PBXFileReference; lastKnownFileType = sourcecode.swift; path = pruebaUITests.swift; sourceTree = "<group>"; };
		9F40A66723FF515D0083E286 /* Info.plist */ = {isa = PBXFileReference; lastKnownFileType = text.plist.xml; path = Info.plist; sourceTree = "<group>"; };
/* End PBXFileReference section */

/* Begin PBXFrameworksBuildPhase section */
		9F40A63D23FF515B0083E286 /* Frameworks */ = {
			isa = PBXFrameworksBuildPhase;
			buildActionMask = 2147483647;
			files = (
			);
			runOnlyForDeploymentPostprocessing = 0;
		};
		9F40A65323FF515D0083E286 /* Frameworks */ = {
			isa = PBXFrameworksBuildPhase;
			buildActionMask = 2147483647;
			files = (
			);
			runOnlyForDeploymentPostprocessing = 0;
		};
		9F40A65E23FF515D0083E286 /* Frameworks */ = {
			isa = PBXFrameworksBuildPhase;
			buildActionMask = 2147483647;
			files = (
			);
			runOnlyForDeploymentPostprocessing = 0;
		};
/* End PBXFrameworksBuildPhase section */

/* Begin PBXGroup section */
		9F40A63723FF515B0083E286 = {
			isa = PBXGroup;
			children = (
				9F40A64223FF515B0083E286 /* prueba */,
				9F40A65923FF515D0083E286 /* pruebaTests */,
				9F40A66423FF515D0083E286 /* pruebaUITests */,
				9F40A64123FF515B0083E286 /* Products */,
			);
			sourceTree = "<group>";
		};
		9F40A64123FF515B0083E286 /* Products */ = {
			isa = PBXGroup;
			children = (
				9F40A64023FF515B0083E286 /* prueba.app */,
				9F40A65623FF515D0083E286 /* pruebaTests.xctest */,
				9F40A66123FF515D0083E286 /* pruebaUITests.xctest */,
			);
			name = Products;
			sourceTree = "<group>";
		};
		9F40A64223FF515B0083E286 /* prueba */ = {
			isa = PBXGroup;
			children = (
				9F40A64323FF515B0083E286 /* AppDelegate.swift */,
				9F40A64523FF515B0083E286 /* SceneDelegate.swift */,
				9F40A64723FF515B0083E286 /* ViewController.swift */,
				9F40A64923FF515B0083E286 /* Main.storyboard */,
				9F40A64C23FF515D0083E286 /* Assets.xcassets */,
				9F40A64E23FF515D0083E286 /* LaunchScreen.storyboard */,
				9F40A65123FF515D0083E286 /* Info.plist */,
			);
			path = prueba;
			sourceTree = "<group>";
		};
		9F40A65923FF515D0083E286 /* pruebaTests */ = {
			isa = PBXGroup;
			children = (
				9F40A65A23FF515D0083E286 /* pruebaTests.swift */,
				9F40A65C23FF515D0083E286 /* Info.plist */,
			);
			path = pruebaTests;
			sourceTree = "<group>";
		};
		9F40A66423FF515D0083E286 /* pruebaUITests */ = {
			isa = PBXGroup;
			children = (
				9F40A66523FF515D0083E286 /* pruebaUITests.swift */,
				9F40A66723FF515D0083E286 /* Info.plist */,
			);
			path = pruebaUITests;
			sourceTree = "<group>";
		};
/* End PBXGroup section */

/* Begin PBXNativeTarget section */
		9F40A63F23FF515B0083E286 /* prueba */ = {
			isa = PBXNativeTarget;
			buildConfigurationList = 9F40A66A23FF515D0083E286 /* Build configuration list for PBXNativeTarget "prueba" */;
			buildPhases = (
				9F40A63C23FF515B0083E286 /* Sources */,
				9F40A63D23FF515B0083E286 /* Frameworks */,
				9F40A63E23FF515B0083E286 /* Resources */,
			);
			buildRules = (
			);
			dependencies = (
			);
			name = prueba;
			productName = prueba;
			productReference = 9F40A64023FF515B0083E286 /* prueba.app */;
			productType = "com.apple.product-type.application";
		};
		9F40A65523FF515D0083E286 /* pruebaTests */ = {
			isa = PBXNativeTarget;
			buildConfigurationList = 9F40A66D23FF515D0083E286 /* Build configuration list for PBXNativeTarget "pruebaTests" */;
			buildPhases = (
				9F40A65223FF515D0083E286 /* Sources */,
				9F40A65323FF515D0083E286 /* Frameworks */,
				9F40A65423FF515D0083E286 /* Resources */,
			);
			buildRules = (
			);
			dependencies = (
				9F40A65823FF515D0083E286 /* PBXTargetDependency */,
			);
			name = pruebaTests;
			productName = pruebaTests;
			productReference = 9F40A65623FF515D0083E286 /* pruebaTests.xctest */;
			productType = "com.apple.product-type.bundle.unit-test";
		};
		9F40A66023FF515D0083E286 /* pruebaUITests */ = {
			isa = PBXNativeTarget;
			buildConfigurationList = 9F40A67023FF515D0083E286 /* Build configuration list for PBXNativeTarget "pruebaUITests" */;
			buildPhases = (
				9F40A65D23FF515D0083E286 /* Sources */,
				9F40A65E23FF515D0083E286 /* Frameworks */,
				9F40A65F23FF515D0083E286 /* Resources */,
			);
			buildRules = (
			);
			dependencies = (
				9F40A66323FF515D0083E286 /* PBXTargetDependency */,
			);
			name = pruebaUITests;
			productName = pruebaUITests;
			productReference = 9F40A66123FF515D0083E286 /* pruebaUITests.xctest */;
			productType = "com.apple.product-type.bundle.ui-testing";
		};
/* End PBXNativeTarget section */

/* Begin PBXProject section */
		9F40A63823FF515B0083E286 /* Project object */ = {
			isa = PBXProject;
			attributes = {
				LastSwiftUpdateCheck = 1130;
				LastUpgradeCheck = 1130;
				ORGANIZATIONNAME = "MIGUEL ANGEL JIMENEZ MELENDEZ";
				TargetAttributes = {
					9F40A63F23FF515B0083E286 = {
						CreatedOnToolsVersion = 11.3.1;
					};
					9F40A65523FF515D0083E286 = {
						CreatedOnToolsVersion = 11.3.1;
						TestTargetID = 9F40A63F23FF515B0083E286;
					};
					9F40A66023FF515D0083E286 = {
						CreatedOnToolsVersion = 11.3.1;
						TestTargetID = 9F40A63F23FF515B0083E286;
					};
				};
			};
			buildConfigurationList = 9F40A63B23FF515B0083E286 /* Build configuration list for PBXProject "prueba" */;
			compatibilityVersion = "Xcode 9.3";
			developmentRegion = en;
			hasScannedForEncodings = 0;
			knownRegions = (
				en,
				Base,
			);
			mainGroup = 9F40A63723FF515B0083E286;
			productRefGroup = 9F40A64123FF515B0083E286 /* Products */;
			projectDirPath = "";
			projectRoot = "";
			targets = (
				9F40A63F23FF515B0083E286 /* prueba */,
				9F40A65523FF515D0083E286 /* pruebaTests */,
				9F40A66023FF515D0083E286 /* pruebaUITests */,
			);
		};
/* End PBXProject section */

/* Begin PBXResourcesBuildPhase section */
		9F40A63E23FF515B0083E286 /* Resources */ = {
			isa = PBXResourcesBuildPhase;
			buildActionMask = 2147483647;
			files = (
				9F40A65023FF515D0083E286 /* LaunchScreen.storyboard in Resources */,
				9F40A64D23FF515D0083E286 /* Assets.xcassets in Resources */,
				9F40A64B23FF515B0083E286 /* Main.storyboard in Resources */,
			);
			runOnlyForDeploymentPostprocessing = 0;
		};
		9F40A65423FF515D0083E286 /* Resources */ = {
			isa = PBXResourcesBuildPhase;
			buildActionMask = 2147483647;
			files = (
			);
			runOnlyForDeploymentPostprocessing = 0;
		};
		9F40A65F23FF515D0083E286 /* Resources */ = {
			isa = PBXResourcesBuildPhase;
			buildActionMask = 2147483647;
			files = (
			);
			runOnlyForDeploymentPostprocessing = 0;
		};
/* End PBXResourcesBuildPhase section */

/* Begin PBXSourcesBuildPhase section */
		9F40A63C23FF515B0083E286 /* Sources */ = {
			isa = PBXSourcesBuildPhase;
			buildActionMask = 2147483647;
			files = (
				9F40A64823FF515B0083E286 /* ViewController.swift in Sources */,
				9F40A64423FF515B0083E286 /* AppDelegate.swift in Sources */,
				9F40A64623FF515B0083E286 /* SceneDelegate.swift in Sources */,
			);
			runOnlyForDeploymentPostprocessing = 0;
		};
		9F40A65223FF515D0083E286 /* Sources */ = {
			isa = PBXSourcesBuildPhase;
			buildActionMask = 2147483647;
			files = (
				9F40A65B23FF515D0083E286 /* pruebaTests.swift in Sources */,
			);
			runOnlyForDeploymentPostprocessing = 0;
		};
		9F40A65D23FF515D0083E286 /* Sources */ = {
			isa = PBXSourcesBuildPhase;
			buildActionMask = 2147483647;
			files = (
				9F40A66623FF515D0083E286 /* pruebaUITests.swift in Sources */,
			);
			runOnlyForDeploymentPostprocessing = 0;
		};
/* End PBXSourcesBuildPhase section */

/* Begin PBXTargetDependency section */
		9F40A65823FF515D0083E286 /* PBXTargetDependency */ = {
			isa = PBXTargetDependency;
			target = 9F40A63F23FF515B0083E286 /* prueba */;
			targetProxy = 9F40A65723FF515D0083E286 /* PBXContainerItemProxy */;
		};
		9F40A66323FF515D0083E286 /* PBXTargetDependency */ = {
			isa = PBXTargetDependency;
			target = 9F40A63F23FF515B0083E286 /* prueba */;
			targetProxy = 9F40A66223FF515D0083E286 /* PBXContainerItemProxy */;
		};
/* End PBXTargetDependency section */

/* Begin PBXVariantGroup section */
		9F40A64923FF515B0083E286 /* Main.storyboard */ = {
			isa = PBXVariantGroup;
			children = (
				9F40A64A23FF515B0083E286 /* Base */,
			);
			name = Main.storyboard;
			sourceTree = "<group>";
		};
		9F40A64E23FF515D0083E286 /* LaunchScreen.storyboard */ = {
			isa = PBXVariantGroup;
			children = (
				9F40A64F23FF515D0083E286 /* Base */,
			);
			name = LaunchScreen.storyboard;
			sourceTree = "<group>";
		};
/* End PBXVariantGroup section */

/* Begin XCBuildConfiguration section */
		9F40A66823FF515D0083E286 /* Debug */ = {
			isa = XCBuildConfiguration;
			buildSettings = {
				ALWAYS_SEARCH_USER_PATHS = NO;
				CLANG_ANALYZER_NONNULL = YES;
				CLANG_ANALYZER_NUMBER_OBJECT_CONVERSION = YES_AGGRESSIVE;
				CLANG_CXX_LANGUAGE_STANDARD = "gnu++14";
				CLANG_CXX_LIBRARY = "libc++";
				CLANG_ENABLE_MODULES = YES;
				CLANG_ENABLE_OBJC_ARC = YES;
				CLANG_ENABLE_OBJC_WEAK = YES;
				CLANG_WARN_BLOCK_CAPTURE_AUTORELEASING = YES;
				CLANG_WARN_BOOL_CONVERSION = YES;
				CLANG_WARN_COMMA = YES;
				CLANG_WARN_CONSTANT_CONVERSION = YES;
				CLANG_WARN_DEPRECATED_OBJC_IMPLEMENTATIONS = YES;
				CLANG_WARN_DIRECT_OBJC_ISA_USAGE = YES_ERROR;
				CLANG_WARN_DOCUMENTATION_COMMENTS = YES;
				CLANG_WARN_EMPTY_BODY = YES;
				CLANG_WARN_ENUM_CONVERSION = YES;
				CLANG_WARN_INFINITE_RECURSION = YES;
				CLANG_WARN_INT_CONVERSION = YES;
				CLANG_WARN_NON_LITERAL_NULL_CONVERSION = YES;
				CLANG_WARN_OBJC_IMPLICIT_RETAIN_SELF = YES;
				CLANG_WARN_OBJC_LITERAL_CONVERSION = YES;
				CLANG_WARN_OBJC_ROOT_CLASS = YES_ERROR;
				CLANG_WARN_RANGE_LOOP_ANALYSIS = YES;
				CLANG_WARN_STRICT_PROTOTYPES = YES;
				CLANG_WARN_SUSPICIOUS_MOVE = YES;
				CLANG_WARN_UNGUARDED_AVAILABILITY = YES_AGGRESSIVE;
				CLANG_WARN_UNREACHABLE_CODE = YES;
				CLANG_WARN__DUPLICATE_METHOD_MATCH = YES;
				COPY_PHASE_STRIP = NO;
				DEBUG_INFORMATION_FORMAT = dwarf;
				ENABLE_STRICT_OBJC_MSGSEND = YES;
				ENABLE_TESTABILITY = YES;
				GCC_C_LANGUAGE_STANDARD = gnu11;
				GCC_DYNAMIC_NO_PIC = NO;
				GCC_NO_COMMON_BLOCKS = YES;
				GCC_OPTIMIZATION_LEVEL = 0;
				GCC_PREPROCESSOR_DEFINITIONS = (
					"DEBUG=1",
					"$(inherited)",
				);
				GCC_WARN_64_TO_32_BIT_CONVERSION = YES;
				GCC_WARN_ABOUT_RETURN_TYPE = YES_ERROR;
				GCC_WARN_UNDECLARED_SELECTOR = YES;
				GCC_WARN_UNINITIALIZED_AUTOS = YES_AGGRESSIVE;
				GCC_WARN_UNUSED_FUNCTION = YES;
				GCC_WARN_UNUSED_VARIABLE = YES;
				IPHONEOS_DEPLOYMENT_TARGET = 13.2;
				MTL_ENABLE_DEBUG_INFO = INCLUDE_SOURCE;
				MTL_FAST_MATH = YES;
				ONLY_ACTIVE_ARCH = YES;
				SDKROOT = iphoneos;
				SWIFT_ACTIVE_COMPILATION_CONDITIONS = DEBUG;
				SWIFT_OPTIMIZATION_LEVEL = "-Onone";
			};
			name = Debug;
		};
		9F40A66923FF515D0083E286 /* Release */ = {
			isa = XCBuildConfiguration;
			buildSettings = {
				ALWAYS_SEARCH_USER_PATHS = NO;
				CLANG_ANALYZER_NONNULL = YES;
				CLANG_ANALYZER_NUMBER_OBJECT_CONVERSION = YES_AGGRESSIVE;
				CLANG_CXX_LANGUAGE_STANDARD = "gnu++14";
				CLANG_CXX_LIBRARY = "libc++";
				CLANG_ENABLE_MODULES = YES;
				CLANG_ENABLE_OBJC_ARC = YES;
				CLANG_ENABLE_OBJC_WEAK = YES;
				CLANG_WARN_BLOCK_CAPTURE_AUTORELEASING = YES;
				CLANG_WARN_BOOL_CONVERSION = YES;
				CLANG_WARN_COMMA = YES;
				CLANG_WARN_CONSTANT_CONVERSION = YES;
				CLANG_WARN_DEPRECATED_OBJC_IMPLEMENTATIONS = YES;
				CLANG_WARN_DIRECT_OBJC_ISA_USAGE = YES_ERROR;
				CLANG_WARN_DOCUMENTATION_COMMENTS = YES;
				CLANG_WARN_EMPTY_BODY = YES;
				CLANG_WARN_ENUM_CONVERSION = YES;
				CLANG_WARN_INFINITE_RECURSION = YES;
				CLANG_WARN_INT_CONVERSION = YES;
				CLANG_WARN_NON_LITERAL_NULL_CONVERSION = YES;
				CLANG_WARN_OBJC_IMPLICIT_RETAIN_SELF = YES;
				CLANG_WARN_OBJC_LITERAL_CONVERSION = YES;
				CLANG_WARN_OBJC_ROOT_CLASS = YES_ERROR;
				CLANG_WARN_RANGE_LOOP_ANALYSIS = YES;
				CLANG_WARN_STRICT_PROTOTYPES = YES;
				CLANG_WARN_SUSPICIOUS_MOVE = YES;
				CLANG_WARN_UNGUARDED_AVAILABILITY = YES_AGGRESSIVE;
				CLANG_WARN_UNREACHABLE_CODE = YES;
				CLANG_WARN__DUPLICATE_METHOD_MATCH = YES;
				COPY_PHASE_STRIP = NO;
				DEBUG_INFORMATION_FORMAT = "dwarf-with-dsym";
				ENABLE_NS_ASSERTIONS = NO;
				ENABLE_STRICT_OBJC_MSGSEND = YES;
				GCC_C_LANGUAGE_STANDARD = gnu11;
				GCC_NO_COMMON_BLOCKS = YES;
				GCC_WARN_64_TO_32_BIT_CONVERSION = YES;
				GCC_WARN_ABOUT_RETURN_TYPE = YES_ERROR;
				GCC_WARN_UNDECLARED_SELECTOR = YES;
				GCC_WARN_UNINITIALIZED_AUTOS = YES_AGGRESSIVE;
				GCC_WARN_UNUSED_FUNCTION = YES;
				GCC_WARN_UNUSED_VARIABLE = YES;
				IPHONEOS_DEPLOYMENT_TARGET = 13.2;
				MTL_ENABLE_DEBUG_INFO = NO;
				MTL_FAST_MATH = YES;
				SDKROOT = iphoneos;
				SWIFT_COMPILATION_MODE = wholemodule;
				SWIFT_OPTIMIZATION_LEVEL = "-O";
				VALIDATE_PRODUCT = YES;
			};
			name = Release;
		};
		9F40A66B23FF515D0083E286 /* Debug */ = {
			isa = XCBuildConfiguration;
			buildSettings = {
				ASSETCATALOG_COMPILER_APPICON_NAME = AppIcon;
				CODE_SIGN_STYLE = Automatic;
				INFOPLIST_FILE = prueba/Info.plist;
				LD_RUNPATH_SEARCH_PATHS = (
					"$(inherited)",
					"@executable_path/Frameworks",
				);
				PRODUCT_BUNDLE_IDENTIFIER = MigueAJM9724.prueba;
				PRODUCT_NAME = "$(TARGET_NAME)";
				SWIFT_VERSION = 5.0;
				TARGETED_DEVICE_FAMILY = "1,2";
			};
			name = Debug;
		};
		9F40A66C23FF515D0083E286 /* Release */ = {
			isa = XCBuildConfiguration;
			buildSettings = {
				ASSETCATALOG_COMPILER_APPICON_NAME = AppIcon;
				CODE_SIGN_STYLE = Automatic;
				INFOPLIST_FILE = prueba/Info.plist;
				LD_RUNPATH_SEARCH_PATHS = (
					"$(inherited)",
					"@executable_path/Frameworks",
				);
				PRODUCT_BUNDLE_IDENTIFIER = MigueAJM9724.prueba;
				PRODUCT_NAME = "$(TARGET_NAME)";
				SWIFT_VERSION = 5.0;
				TARGETED_DEVICE_FAMILY = "1,2";
			};
			name = Release;
		};
		9F40A66E23FF515D0083E286 /* Debug */ = {
			isa = XCBuildConfiguration;
			buildSettings = {
				ALWAYS_EMBED_SWIFT_STANDARD_LIBRARIES = YES;
				BUNDLE_LOADER = "$(TEST_HOST)";
				CODE_SIGN_STYLE = Automatic;
				INFOPLIST_FILE = pruebaTests/Info.plist;
				IPHONEOS_DEPLOYMENT_TARGET = 13.2;
				LD_RUNPATH_SEARCH_PATHS = (
					"$(inherited)",
					"@executable_path/Frameworks",
					"@loader_path/Frameworks",
				);
				PRODUCT_BUNDLE_IDENTIFIER = MigueAJM9724.pruebaTests;
				PRODUCT_NAME = "$(TARGET_NAME)";
				SWIFT_VERSION = 5.0;
				TARGETED_DEVICE_FAMILY = "1,2";
				TEST_HOST = "$(BUILT_PRODUCTS_DIR)/prueba.app/prueba";
			};
			name = Debug;
		};
		9F40A66F23FF515D0083E286 /* Release */ = {
			isa = XCBuildConfiguration;
			buildSettings = {
				ALWAYS_EMBED_SWIFT_STANDARD_LIBRARIES = YES;
				BUNDLE_LOADER = "$(TEST_HOST)";
				CODE_SIGN_STYLE = Automatic;
				INFOPLIST_FILE = pruebaTests/Info.plist;
				IPHONEOS_DEPLOYMENT_TARGET = 13.2;
				LD_RUNPATH_SEARCH_PATHS = (
					"$(inherited)",
					"@executable_path/Frameworks",
					"@loader_path/Frameworks",
				);
				PRODUCT_BUNDLE_IDENTIFIER = MigueAJM9724.pruebaTests;
				PRODUCT_NAME = "$(TARGET_NAME)";
				SWIFT_VERSION = 5.0;
				TARGETED_DEVICE_FAMILY = "1,2";
				TEST_HOST = "$(BUILT_PRODUCTS_DIR)/prueba.app/prueba";
			};
			name = Release;
		};
		9F40A67123FF515D0083E286 /* Debug */ = {
			isa = XCBuildConfiguration;
			buildSettings = {
				ALWAYS_EMBED_SWIFT_STANDARD_LIBRARIES = YES;
				CODE_SIGN_STYLE = Automatic;
				INFOPLIST_FILE = pruebaUITests/Info.plist;
				LD_RUNPATH_SEARCH_PATHS = (
					"$(inherited)",
					"@executable_path/Frameworks",
					"@loader_path/Frameworks",
				);
				PRODUCT_BUNDLE_IDENTIFIER = MigueAJM9724.pruebaUITests;
				PRODUCT_NAME = "$(TARGET_NAME)";
				SWIFT_VERSION = 5.0;
				TARGETED_DEVICE_FAMILY = "1,2";
				TEST_TARGET_NAME = prueba;
			};
			name = Debug;
		};
		9F40A67223FF515D0083E286 /* Release */ = {
			isa = XCBuildConfiguration;
			buildSettings = {
				ALWAYS_EMBED_SWIFT_STANDARD_LIBRARIES = YES;
				CODE_SIGN_STYLE = Automatic;
				INFOPLIST_FILE = pruebaUITests/Info.plist;
				LD_RUNPATH_SEARCH_PATHS = (
					"$(inherited)",
					"@executable_path/Frameworks",
					"@loader_path/Frameworks",
				);
				PRODUCT_BUNDLE_IDENTIFIER = MigueAJM9724.pruebaUITests;
				PRODUCT_NAME = "$(TARGET_NAME)";
				SWIFT_VERSION = 5.0;
				TARGETED_DEVICE_FAMILY = "1,2";
				TEST_TARGET_NAME = prueba;
			};
			name = Release;
		};
/* End XCBuildConfiguration section */

/* Begin XCConfigurationList section */
		9F40A63B23FF515B0083E286 /* Build configuration list for PBXProject "prueba" */ = {
			isa = XCConfigurationList;
			buildConfigurations = (
				9F40A66823FF515D0083E286 /* Debug */,
				9F40A66923FF515D0083E286 /* Release */,
			);
			defaultConfigurationIsVisible = 0;
			defaultConfigurationName = Release;
		};
		9F40A66A23FF515D0083E286 /* Build configuration list for PBXNativeTarget "prueba" */ = {
			isa = XCConfigurationList;
			buildConfigurations = (
				9F40A66B23FF515D0083E286 /* Debug */,
				9F40A66C23FF515D0083E286 /* Release */,
			);
			defaultConfigurationIsVisible = 0;
			defaultConfigurationName = Release;
		};
		9F40A66D23FF515D0083E286 /* Build configuration list for PBXNativeTarget "pruebaTests" */ = {
			isa = XCConfigurationList;
			buildConfigurations = (
				9F40A66E23FF515D0083E286 /* Debug */,
				9F40A66F23FF515D0083E286 /* Release */,
			);
			defaultConfigurationIsVisible = 0;
			defaultConfigurationName = Release;
		};
		9F40A67023FF515D0083E286 /* Build configuration list for PBXNativeTarget "pruebaUITests" */ = {
			isa = XCConfigurationList;
			buildConfigurations = (
				9F40A67123FF515D0083E286 /* Debug */,
				9F40A67223FF515D0083E286 /* Release */,
			);
			defaultConfigurationIsVisible = 0;
			defaultConfigurationName = Release;
		};
/* End XCConfigurationList section */
	};
	rootObject = 9F40A63823FF515B0083E286 /* Project object */;
}
